
Microsoft Visual Studio Solution File, Format Version 12.00
# Visual Studio 15
VisualStudioVersion = 15.0.26730.3
MinimumVisualStudioVersion = 10.0.40219.1
Project("{FAE04EC0-301F-11D3-BF4B-00C04F79EFBC}") = "Web", "Web\Web.csproj", "{3D1FCDFF-C073-4B30-962F-03C53465603B}"
EndProject
Project("{FAE04EC0-301F-11D3-BF4B-00C04F79EFBC}") = "Test", "Test\Test.csproj", "{A39D96FA-3C43-46ED-A4CB-31531450E38D}"
EndProject
Project("{FAE04EC0-301F-11D3-BF4B-00C04F79EFBC}") = "DataTransferObjects", "DataTransferObjects\DataTransferObjects.csproj", "{DEF9B4C4-5BBC-4598-8538-E07E4649BAB2}"
EndProject
Global
	GlobalSection(SolutionConfigurationPlatforms) = preSolution
		Debug|Any CPU = Debug|Any CPU
		Release|Any CPU = Release|Any CPU
	EndGlobalSection
	GlobalSection(ProjectConfigurationPlatforms) = postSolution
		{3D1FCDFF-C073-4B30-962F-03C53465603B}.Debug|Any CPU.ActiveCfg = Debug|Any CPU
		{3D1FCDFF-C073-4B30-962F-03C53465603B}.Debug|Any CPU.Build.0 = Debug|Any CPU
		{3D1FCDFF-C073-4B30-962F-03C53465603B}.Release|Any CPU.ActiveCfg = Release|Any CPU
		{3D1FCDFF-C073-4B30-962F-03C53465603B}.Release|Any CPU.Build.0 = Release|Any CPU
		{A39D96FA-3C43-46ED-A4CB-31531450E38D}.Debug|Any CPU.ActiveCfg = Debug|Any CPU
		{A39D96FA-3C43-46ED-A4CB-31531450E38D}.Debug|Any CPU.Build.0 = Debug|Any CPU
		{A39D96FA-3C43-46ED-A4CB-31531450E38D}.Release|Any CPU.ActiveCfg = Release|Any CPU
		{A39D96FA-3C43-46ED-A4CB-31531450E38D}.Release|Any CPU.Build.0 = Release|Any CPU
		{DEF9B4C4-5BBC-4598-8538-E07E4649BAB2}.Debug|Any CPU.ActiveCfg = Debug|Any CPU
		{DEF9B4C4-5BBC-4598-8538-E07E4649BAB2}.Debug|Any CPU.Build.0 = Debug|Any CPU
		{DEF9B4C4-5BBC-4598-8538-E07E4649BAB2}.Release|Any CPU.ActiveCfg = Release|Any CPU
		{DEF9B4C4-5BBC-4598-8538-E07E4649BAB2}.Release|Any CPU.Build.0 = Release|Any CPU
	EndGlobalSection
	GlobalSection(SolutionProperties) = preSolution
		HideSolutionNode = FALSE
	EndGlobalSection
	GlobalSection(ExtensibilityGlobals) = postSolution
		SolutionGuid = {68A42F43-15DE-47E0-87E0-E69934382270}
	EndGlobalSection
EndGlobal
